// !$*UTF8*$!
{
	archiveVersion = 1;
	classes = {
	};
	objectVersion = 50;
	objects = {

/* Begin PBXBuildFile section */
		F31FC394250F4E390038BE32 /* AppDelegate.swift in Sources */ = {isa = PBXBuildFile; fileRef = F31FC393250F4E390038BE32 /* AppDelegate.swift */; };
		F31FC396250F4E390038BE32 /* SceneDelegate.swift in Sources */ = {isa = PBXBuildFile; fileRef = F31FC395250F4E390038BE32 /* SceneDelegate.swift */; };
		F31FC398250F4E390038BE32 /* ViewController.swift in Sources */ = {isa = PBXBuildFile; fileRef = F31FC397250F4E390038BE32 /* ViewController.swift */; };
		F31FC39B250F4E390038BE32 /* Main.storyboard in Resources */ = {isa = PBXBuildFile; fileRef = F31FC399250F4E390038BE32 /* Main.storyboard */; };
		F31FC39D250F4E3D0038BE32 /* Assets.xcassets in Resources */ = {isa = PBXBuildFile; fileRef = F31FC39C250F4E3D0038BE32 /* Assets.xcassets */; };
		F31FC3A0250F4E3D0038BE32 /* LaunchScreen.storyboard in Resources */ = {isa = PBXBuildFile; fileRef = F31FC39E250F4E3D0038BE32 /* LaunchScreen.storyboard */; };
		F31FC3AB250F4E3D0038BE32 /* HiShadiChatTests.swift in Sources */ = {isa = PBXBuildFile; fileRef = F31FC3AA250F4E3D0038BE32 /* HiShadiChatTests.swift */; };
		F31FC3C9250F4F4D0038BE32 /* PeerConnection.swift in Sources */ = {isa = PBXBuildFile; fileRef = F31FC3C4250F4F4D0038BE32 /* PeerConnection.swift */; };
		F31FC3CA250F4F4D0038BE32 /* PeerListener.swift in Sources */ = {isa = PBXBuildFile; fileRef = F31FC3C5250F4F4D0038BE32 /* PeerListener.swift */; };
		F31FC3CC250F4F4D0038BE32 /* NWParameters+InitWithPasscode.swift in Sources */ = {isa = PBXBuildFile; fileRef = F31FC3C7250F4F4D0038BE32 /* NWParameters+InitWithPasscode.swift */; };
		F31FC3CD250F4F4D0038BE32 /* PeerBrowser.swift in Sources */ = {isa = PBXBuildFile; fileRef = F31FC3C8250F4F4D0038BE32 /* PeerBrowser.swift */; };
		F31FC3CF250F5C2D0038BE32 /* PasscodeViewController.swift in Sources */ = {isa = PBXBuildFile; fileRef = F31FC3CE250F5C2D0038BE32 /* PasscodeViewController.swift */; };
		F31FC3D1250F66000038BE32 /* ChatViewController.swift in Sources */ = {isa = PBXBuildFile; fileRef = F31FC3D0250F66000038BE32 /* ChatViewController.swift */; };
		F31FC3D3250F7BB60038BE32 /* GameProtocol.swift in Sources */ = {isa = PBXBuildFile; fileRef = F31FC3D2250F7BB60038BE32 /* GameProtocol.swift */; };
/* End PBXBuildFile section */

/* Begin PBXContainerItemProxy section */
		F31FC3A7250F4E3D0038BE32 /* PBXContainerItemProxy */ = {
			isa = PBXContainerItemProxy;
			containerPortal = F31FC388250F4E390038BE32 /* Project object */;
			proxyType = 1;
			remoteGlobalIDString = F31FC38F250F4E390038BE32;
			remoteInfo = HiShadiChat;
		};
/* End PBXContainerItemProxy section */

/* Begin PBXFileReference section */
		F31FC390250F4E390038BE32 /* HiShadiChat.app */ = {isa = PBXFileReference; explicitFileType = wrapper.application; includeInIndex = 0; path = HiShadiChat.app; sourceTree = BUILT_PRODUCTS_DIR; };
		F31FC393250F4E390038BE32 /* AppDelegate.swift */ = {isa = PBXFileReference; lastKnownFileType = sourcecode.swift; path = AppDelegate.swift; sourceTree = "<group>"; };
		F31FC395250F4E390038BE32 /* SceneDelegate.swift */ = {isa = PBXFileReference; lastKnownFileType = sourcecode.swift; path = SceneDelegate.swift; sourceTree = "<group>"; };
		F31FC397250F4E390038BE32 /* ViewController.swift */ = {isa = PBXFileReference; lastKnownFileType = sourcecode.swift; path = ViewController.swift; sourceTree = "<group>"; };
		F31FC39A250F4E390038BE32 /* Base */ = {isa = PBXFileReference; lastKnownFileType = file.storyboard; name = Base; path = Base.lproj/Main.storyboard; sourceTree = "<group>"; };
		F31FC39C250F4E3D0038BE32 /* Assets.xcassets */ = {isa = PBXFileReference; lastKnownFileType = folder.assetcatalog; path = Assets.xcassets; sourceTree = "<group>"; };
		F31FC39F250F4E3D0038BE32 /* Base */ = {isa = PBXFileReference; lastKnownFileType = file.storyboard; name = Base; path = Base.lproj/LaunchScreen.storyboard; sourceTree = "<group>"; };
		F31FC3A1250F4E3D0038BE32 /* Info.plist */ = {isa = PBXFileReference; lastKnownFileType = text.plist.xml; path = Info.plist; sourceTree = "<group>"; };
		F31FC3A6250F4E3D0038BE32 /* HiShadiChatTests.xctest */ = {isa = PBXFileReference; explicitFileType = wrapper.cfbundle; includeInIndex = 0; path = HiShadiChatTests.xctest; sourceTree = BUILT_PRODUCTS_DIR; };
		F31FC3AA250F4E3D0038BE32 /* HiShadiChatTests.swift */ = {isa = PBXFileReference; lastKnownFileType = sourcecode.swift; path = HiShadiChatTests.swift; sourceTree = "<group>"; };
		F31FC3AC250F4E3D0038BE32 /* Info.plist */ = {isa = PBXFileReference; lastKnownFileType = text.plist.xml; path = Info.plist; sourceTree = "<group>"; };
		F31FC3C4250F4F4D0038BE32 /* PeerConnection.swift */ = {isa = PBXFileReference; fileEncoding = 4; lastKnownFileType = sourcecode.swift; path = PeerConnection.swift; sourceTree = "<group>"; };
		F31FC3C5250F4F4D0038BE32 /* PeerListener.swift */ = {isa = PBXFileReference; fileEncoding = 4; lastKnownFileType = sourcecode.swift; path = PeerListener.swift; sourceTree = "<group>"; };
		F31FC3C7250F4F4D0038BE32 /* NWParameters+InitWithPasscode.swift */ = {isa = PBXFileReference; fileEncoding = 4; lastKnownFileType = sourcecode.swift; path = "NWParameters+InitWithPasscode.swift"; sourceTree = "<group>"; };
		F31FC3C8250F4F4D0038BE32 /* PeerBrowser.swift */ = {isa = PBXFileReference; fileEncoding = 4; lastKnownFileType = sourcecode.swift; path = PeerBrowser.swift; sourceTree = "<group>"; };
		F31FC3CE250F5C2D0038BE32 /* PasscodeViewController.swift */ = {isa = PBXFileReference; lastKnownFileType = sourcecode.swift; path = PasscodeViewController.swift; sourceTree = "<group>"; };
		F31FC3D0250F66000038BE32 /* ChatViewController.swift */ = {isa = PBXFileReference; lastKnownFileType = sourcecode.swift; path = ChatViewController.swift; sourceTree = "<group>"; };
		F31FC3D2250F7BB60038BE32 /* GameProtocol.swift */ = {isa = PBXFileReference; fileEncoding = 4; lastKnownFileType = sourcecode.swift; path = GameProtocol.swift; sourceTree = "<group>"; };
/* End PBXFileReference section */

/* Begin PBXFrameworksBuildPhase section */
		F31FC38D250F4E390038BE32 /* Frameworks */ = {
			isa = PBXFrameworksBuildPhase;
			buildActionMask = 2147483647;
			files = (
			);
			runOnlyForDeploymentPostprocessing = 0;
		};
		F31FC3A3250F4E3D0038BE32 /* Frameworks */ = {
			isa = PBXFrameworksBuildPhase;
			buildActionMask = 2147483647;
			files = (
			);
			runOnlyForDeploymentPostprocessing = 0;
		};
/* End PBXFrameworksBuildPhase section */

/* Begin PBXGroup section */
		F31FC387250F4E390038BE32 = {
			isa = PBXGroup;
			children = (
				F31FC392250F4E390038BE32 /* HiShadiChat */,
				F31FC3A9250F4E3D0038BE32 /* HiShadiChatTests */,
				F31FC391250F4E390038BE32 /* Products */,
			);
			sourceTree = "<group>";
		};
		F31FC391250F4E390038BE32 /* Products */ = {
			isa = PBXGroup;
			children = (
				F31FC390250F4E390038BE32 /* HiShadiChat.app */,
				F31FC3A6250F4E3D0038BE32 /* HiShadiChatTests.xctest */,
			);
			name = Products;
			sourceTree = "<group>";
		};
		F31FC392250F4E390038BE32 /* HiShadiChat */ = {
			isa = PBXGroup;
			children = (
				F31FC3C3250F4F4D0038BE32 /* Networking */,
				F31FC393250F4E390038BE32 /* AppDelegate.swift */,
				F31FC395250F4E390038BE32 /* SceneDelegate.swift */,
				F31FC397250F4E390038BE32 /* ViewController.swift */,
				F31FC399250F4E390038BE32 /* Main.storyboard */,
				F31FC3D0250F66000038BE32 /* ChatViewController.swift */,
				F31FC3CE250F5C2D0038BE32 /* PasscodeViewController.swift */,
				F31FC39C250F4E3D0038BE32 /* Assets.xcassets */,
				F31FC39E250F4E3D0038BE32 /* LaunchScreen.storyboard */,
				F31FC3A1250F4E3D0038BE32 /* Info.plist */,
			);
			path = HiShadiChat;
			sourceTree = "<group>";
		};
		F31FC3A9250F4E3D0038BE32 /* HiShadiChatTests */ = {
			isa = PBXGroup;
			children = (
				F31FC3AA250F4E3D0038BE32 /* HiShadiChatTests.swift */,
				F31FC3AC250F4E3D0038BE32 /* Info.plist */,
			);
			path = HiShadiChatTests;
			sourceTree = "<group>";
		};
		F31FC3C3250F4F4D0038BE32 /* Networking */ = {
			isa = PBXGroup;
			children = (
				F31FC3C4250F4F4D0038BE32 /* PeerConnection.swift */,
				F31FC3C5250F4F4D0038BE32 /* PeerListener.swift */,
				F31FC3D2250F7BB60038BE32 /* GameProtocol.swift */,
				F31FC3C7250F4F4D0038BE32 /* NWParameters+InitWithPasscode.swift */,
				F31FC3C8250F4F4D0038BE32 /* PeerBrowser.swift */,
			);
			path = Networking;
			sourceTree = "<group>";
		};
/* End PBXGroup section */

/* Begin PBXNativeTarget section */
		F31FC38F250F4E390038BE32 /* HiShadiChat */ = {
			isa = PBXNativeTarget;
			buildConfigurationList = F31FC3BA250F4E3D0038BE32 /* Build configuration list for PBXNativeTarget "HiShadiChat" */;
			buildPhases = (
				F31FC38C250F4E390038BE32 /* Sources */,
				F31FC38D250F4E390038BE32 /* Frameworks */,
				F31FC38E250F4E390038BE32 /* Resources */,
			);
			buildRules = (
			);
			dependencies = (
			);
			name = HiShadiChat;
			productName = HiShadiChat;
			productReference = F31FC390250F4E390038BE32 /* HiShadiChat.app */;
			productType = "com.apple.product-type.application";
		};
		F31FC3A5250F4E3D0038BE32 /* HiShadiChatTests */ = {
			isa = PBXNativeTarget;
			buildConfigurationList = F31FC3BD250F4E3D0038BE32 /* Build configuration list for PBXNativeTarget "HiShadiChatTests" */;
			buildPhases = (
				F31FC3A2250F4E3D0038BE32 /* Sources */,
				F31FC3A3250F4E3D0038BE32 /* Frameworks */,
				F31FC3A4250F4E3D0038BE32 /* Resources */,
			);
			buildRules = (
			);
			dependencies = (
				F31FC3A8250F4E3D0038BE32 /* PBXTargetDependency */,
			);
			name = HiShadiChatTests;
			productName = HiShadiChatTests;
			productReference = F31FC3A6250F4E3D0038BE32 /* HiShadiChatTests.xctest */;
			productType = "com.apple.product-type.bundle.unit-test";
		};
/* End PBXNativeTarget section */

/* Begin PBXProject section */
		F31FC388250F4E390038BE32 /* Project object */ = {
			isa = PBXProject;
			attributes = {
				LastSwiftUpdateCheck = 1140;
				LastUpgradeCheck = 1140;
				ORGANIZATIONNAME = "Shadi Ghelman";
				TargetAttributes = {
					F31FC38F250F4E390038BE32 = {
						CreatedOnToolsVersion = 11.4;
					};
					F31FC3A5250F4E3D0038BE32 = {
						CreatedOnToolsVersion = 11.4;
						TestTargetID = F31FC38F250F4E390038BE32;
					};
				};
			};
			buildConfigurationList = F31FC38B250F4E390038BE32 /* Build configuration list for PBXProject "HiShadiChat" */;
			compatibilityVersion = "Xcode 9.3";
			developmentRegion = en;
			hasScannedForEncodings = 0;
			knownRegions = (
				en,
				Base,
			);
			mainGroup = F31FC387250F4E390038BE32;
			productRefGroup = F31FC391250F4E390038BE32 /* Products */;
			projectDirPath = "";
			projectRoot = "";
			targets = (
				F31FC38F250F4E390038BE32 /* HiShadiChat */,
				F31FC3A5250F4E3D0038BE32 /* HiShadiChatTests */,
			);
		};
/* End PBXProject section */

/* Begin PBXResourcesBuildPhase section */
		F31FC38E250F4E390038BE32 /* Resources */ = {
			isa = PBXResourcesBuildPhase;
			buildActionMask = 2147483647;
			files = (
				F31FC3A0250F4E3D0038BE32 /* LaunchScreen.storyboard in Resources */,
				F31FC39D250F4E3D0038BE32 /* Assets.xcassets in Resources */,
				F31FC39B250F4E390038BE32 /* Main.storyboard in Resources */,
			);
			runOnlyForDeploymentPostprocessing = 0;
		};
		F31FC3A4250F4E3D0038BE32 /* Resources */ = {
			isa = PBXResourcesBuildPhase;
			buildActionMask = 2147483647;
			files = (
			);
			runOnlyForDeploymentPostprocessing = 0;
		};
/* End PBXResourcesBuildPhase section */

/* Begin PBXSourcesBuildPhase section */
		F31FC38C250F4E390038BE32 /* Sources */ = {
			isa = PBXSourcesBuildPhase;
			buildActionMask = 2147483647;
			files = (
				F31FC398250F4E390038BE32 /* ViewController.swift in Sources */,
				F31FC3D3250F7BB60038BE32 /* GameProtocol.swift in Sources */,
				F31FC394250F4E390038BE32 /* AppDelegate.swift in Sources */,
				F31FC396250F4E390038BE32 /* SceneDelegate.swift in Sources */,
				F31FC3CC250F4F4D0038BE32 /* NWParameters+InitWithPasscode.swift in Sources */,
				F31FC3CF250F5C2D0038BE32 /* PasscodeViewController.swift in Sources */,
				F31FC3CD250F4F4D0038BE32 /* PeerBrowser.swift in Sources */,
				F31FC3CA250F4F4D0038BE32 /* PeerListener.swift in Sources */,
				F31FC3C9250F4F4D0038BE32 /* PeerConnection.swift in Sources */,
				F31FC3D1250F66000038BE32 /* ChatViewController.swift in Sources */,
			);
			runOnlyForDeploymentPostprocessing = 0;
		};
		F31FC3A2250F4E3D0038BE32 /* Sources */ = {
			isa = PBXSourcesBuildPhase;
			buildActionMask = 2147483647;
			files = (
				F31FC3AB250F4E3D0038BE32 /* HiShadiChatTests.swift in Sources */,
			);
			runOnlyForDeploymentPostprocessing = 0;
		};
/* End PBXSourcesBuildPhase section */

/* Begin PBXTargetDependency section */
		F31FC3A8250F4E3D0038BE32 /* PBXTargetDependency */ = {
			isa = PBXTargetDependency;
			target = F31FC38F250F4E390038BE32 /* HiShadiChat */;
			targetProxy = F31FC3A7250F4E3D0038BE32 /* PBXContainerItemProxy */;
		};
/* End PBXTargetDependency section */

/* Begin PBXVariantGroup section */
		F31FC399250F4E390038BE32 /* Main.storyboard */ = {
			isa = PBXVariantGroup;
			children = (
				F31FC39A250F4E390038BE32 /* Base */,
			);
			name = Main.storyboard;
			sourceTree = "<group>";
		};
		F31FC39E250F4E3D0038BE32 /* LaunchScreen.storyboard */ = {
			isa = PBXVariantGroup;
			children = (
				F31FC39F250F4E3D0038BE32 /* Base */,
			);
			name = LaunchScreen.storyboard;
			sourceTree = "<group>";
		};
/* End PBXVariantGroup section */

/* Begin XCBuildConfiguration section */
		F31FC3B8250F4E3D0038BE32 /* Debug */ = {
			isa = XCBuildConfiguration;
			buildSettings = {
				ALWAYS_SEARCH_USER_PATHS = NO;
				CLANG_ANALYZER_NONNULL = YES;
				CLANG_ANALYZER_NUMBER_OBJECT_CONVERSION = YES_AGGRESSIVE;
				CLANG_CXX_LANGUAGE_STANDARD = "gnu++14";
				CLANG_CXX_LIBRARY = "libc++";
				CLANG_ENABLE_MODULES = YES;
				CLANG_ENABLE_OBJC_ARC = YES;
				CLANG_ENABLE_OBJC_WEAK = YES;
				CLANG_WARN_BLOCK_CAPTURE_AUTORELEASING = YES;
				CLANG_WARN_BOOL_CONVERSION = YES;
				CLANG_WARN_COMMA = YES;
				CLANG_WARN_CONSTANT_CONVERSION = YES;
				CLANG_WARN_DEPRECATED_OBJC_IMPLEMENTATIONS = YES;
				CLANG_WARN_DIRECT_OBJC_ISA_USAGE = YES_ERROR;
				CLANG_WARN_DOCUMENTATION_COMMENTS = YES;
				CLANG_WARN_EMPTY_BODY = YES;
				CLANG_WARN_ENUM_CONVERSION = YES;
				CLANG_WARN_INFINITE_RECURSION = YES;
				CLANG_WARN_INT_CONVERSION = YES;
				CLANG_WARN_NON_LITERAL_NULL_CONVERSION = YES;
				CLANG_WARN_OBJC_IMPLICIT_RETAIN_SELF = YES;
				CLANG_WARN_OBJC_LITERAL_CONVERSION = YES;
				CLANG_WARN_OBJC_ROOT_CLASS = YES_ERROR;
				CLANG_WARN_RANGE_LOOP_ANALYSIS = YES;
				CLANG_WARN_STRICT_PROTOTYPES = YES;
				CLANG_WARN_SUSPICIOUS_MOVE = YES;
				CLANG_WARN_UNGUARDED_AVAILABILITY = YES_AGGRESSIVE;
				CLANG_WARN_UNREACHABLE_CODE = YES;
				CLANG_WARN__DUPLICATE_METHOD_MATCH = YES;
				COPY_PHASE_STRIP = NO;
				DEBUG_INFORMATION_FORMAT = dwarf;
				ENABLE_STRICT_OBJC_MSGSEND = YES;
				ENABLE_TESTABILITY = YES;
				GCC_C_LANGUAGE_STANDARD = gnu11;
				GCC_DYNAMIC_NO_PIC = NO;
				GCC_NO_COMMON_BLOCKS = YES;
				GCC_OPTIMIZATION_LEVEL = 0;
				GCC_PREPROCESSOR_DEFINITIONS = (
					"DEBUG=1",
					"$(inherited)",
				);
				GCC_WARN_64_TO_32_BIT_CONVERSION = YES;
				GCC_WARN_ABOUT_RETURN_TYPE = YES_ERROR;
				GCC_WARN_UNDECLARED_SELECTOR = YES;
				GCC_WARN_UNINITIALIZED_AUTOS = YES_AGGRESSIVE;
				GCC_WARN_UNUSED_FUNCTION = YES;
				GCC_WARN_UNUSED_VARIABLE = YES;
				IPHONEOS_DEPLOYMENT_TARGET = 13.4;
				MTL_ENABLE_DEBUG_INFO = INCLUDE_SOURCE;
				MTL_FAST_MATH = YES;
				ONLY_ACTIVE_ARCH = YES;
				SDKROOT = iphoneos;
				SWIFT_ACTIVE_COMPILATION_CONDITIONS = DEBUG;
				SWIFT_OPTIMIZATION_LEVEL = "-Onone";
			};
			name = Debug;
		};
		F31FC3B9250F4E3D0038BE32 /* Release */ = {
			isa = XCBuildConfiguration;
			buildSettings = {
				ALWAYS_SEARCH_USER_PATHS = NO;
				CLANG_ANALYZER_NONNULL = YES;
				CLANG_ANALYZER_NUMBER_OBJECT_CONVERSION = YES_AGGRESSIVE;
				CLANG_CXX_LANGUAGE_STANDARD = "gnu++14";
				CLANG_CXX_LIBRARY = "libc++";
				CLANG_ENABLE_MODULES = YES;
				CLANG_ENABLE_OBJC_ARC = YES;
				CLANG_ENABLE_OBJC_WEAK = YES;
				CLANG_WARN_BLOCK_CAPTURE_AUTORELEASING = YES;
				CLANG_WARN_BOOL_CONVERSION = YES;
				CLANG_WARN_COMMA = YES;
				CLANG_WARN_CONSTANT_CONVERSION = YES;
				CLANG_WARN_DEPRECATED_OBJC_IMPLEMENTATIONS = YES;
				CLANG_WARN_DIRECT_OBJC_ISA_USAGE = YES_ERROR;
				CLANG_WARN_DOCUMENTATION_COMMENTS = YES;
				CLANG_WARN_EMPTY_BODY = YES;
				CLANG_WARN_ENUM_CONVERSION = YES;
				CLANG_WARN_INFINITE_RECURSION = YES;
				CLANG_WARN_INT_CONVERSION = YES;
				CLANG_WARN_NON_LITERAL_NULL_CONVERSION = YES;
				CLANG_WARN_OBJC_IMPLICIT_RETAIN_SELF = YES;
				CLANG_WARN_OBJC_LITERAL_CONVERSION = YES;
				CLANG_WARN_OBJC_ROOT_CLASS = YES_ERROR;
				CLANG_WARN_RANGE_LOOP_ANALYSIS = YES;
				CLANG_WARN_STRICT_PROTOTYPES = YES;
				CLANG_WARN_SUSPICIOUS_MOVE = YES;
				CLANG_WARN_UNGUARDED_AVAILABILITY = YES_AGGRESSIVE;
				CLANG_WARN_UNREACHABLE_CODE = YES;
				CLANG_WARN__DUPLICATE_METHOD_MATCH = YES;
				COPY_PHASE_STRIP = NO;
				DEBUG_INFORMATION_FORMAT = "dwarf-with-dsym";
				ENABLE_NS_ASSERTIONS = NO;
				ENABLE_STRICT_OBJC_MSGSEND = YES;
				GCC_C_LANGUAGE_STANDARD = gnu11;
				GCC_NO_COMMON_BLOCKS = YES;
				GCC_WARN_64_TO_32_BIT_CONVERSION = YES;
				GCC_WARN_ABOUT_RETURN_TYPE = YES_ERROR;
				GCC_WARN_UNDECLARED_SELECTOR = YES;
				GCC_WARN_UNINITIALIZED_AUTOS = YES_AGGRESSIVE;
				GCC_WARN_UNUSED_FUNCTION = YES;
				GCC_WARN_UNUSED_VARIABLE = YES;
				IPHONEOS_DEPLOYMENT_TARGET = 13.4;
				MTL_ENABLE_DEBUG_INFO = NO;
				MTL_FAST_MATH = YES;
				SDKROOT = iphoneos;
				SWIFT_COMPILATION_MODE = wholemodule;
				SWIFT_OPTIMIZATION_LEVEL = "-O";
				VALIDATE_PRODUCT = YES;
			};
			name = Release;
		};
		F31FC3BB250F4E3D0038BE32 /* Debug */ = {
			isa = XCBuildConfiguration;
			buildSettings = {
				ASSETCATALOG_COMPILER_APPICON_NAME = AppIcon;
				CODE_SIGN_STYLE = Automatic;
				DEVELOPMENT_TEAM = A26R4SND6W;
				INFOPLIST_FILE = HiShadiChat/Info.plist;
				LD_RUNPATH_SEARCH_PATHS = (
					"$(inherited)",
					"@executable_path/Frameworks",
				);
				PRODUCT_BUNDLE_IDENTIFIER = com.shadiGhelman.HiShadiChat;
				PRODUCT_NAME = "$(TARGET_NAME)";
				SWIFT_VERSION = 5.0;
				TARGETED_DEVICE_FAMILY = "1,2";
			};
			name = Debug;
		};
		F31FC3BC250F4E3D0038BE32 /* Release */ = {
			isa = XCBuildConfiguration;
			buildSettings = {
				ASSETCATALOG_COMPILER_APPICON_NAME = AppIcon;
				CODE_SIGN_STYLE = Automatic;
				DEVELOPMENT_TEAM = A26R4SND6W;
				INFOPLIST_FILE = HiShadiChat/Info.plist;
				LD_RUNPATH_SEARCH_PATHS = (
					"$(inherited)",
					"@executable_path/Frameworks",
				);
				PRODUCT_BUNDLE_IDENTIFIER = com.shadiGhelman.HiShadiChat;
				PRODUCT_NAME = "$(TARGET_NAME)";
				SWIFT_VERSION = 5.0;
				TARGETED_DEVICE_FAMILY = "1,2";
			};
			name = Release;
		};
		F31FC3BE250F4E3D0038BE32 /* Debug */ = {
			isa = XCBuildConfiguration;
			buildSettings = {
				ALWAYS_EMBED_SWIFT_STANDARD_LIBRARIES = YES;
				BUNDLE_LOADER = "$(TEST_HOST)";
				CODE_SIGN_STYLE = Automatic;
				DEVELOPMENT_TEAM = A26R4SND6W;
				INFOPLIST_FILE = HiShadiChatTests/Info.plist;
				IPHONEOS_DEPLOYMENT_TARGET = 13.4;
				LD_RUNPATH_SEARCH_PATHS = (
					"$(inherited)",
					"@executable_path/Frameworks",
					"@loader_path/Frameworks",
				);
				PRODUCT_BUNDLE_IDENTIFIER = com.shadiGhelman.HiShadiChatTests;
				PRODUCT_NAME = "$(TARGET_NAME)";
				SWIFT_VERSION = 5.0;
				TARGETED_DEVICE_FAMILY = "1,2";
				TEST_HOST = "$(BUILT_PRODUCTS_DIR)/HiShadiChat.app/HiShadiChat";
			};
			name = Debug;
		};
		F31FC3BF250F4E3D0038BE32 /* Release */ = {
			isa = XCBuildConfiguration;
			buildSettings = {
				ALWAYS_EMBED_SWIFT_STANDARD_LIBRARIES = YES;
				BUNDLE_LOADER = "$(TEST_HOST)";
				CODE_SIGN_STYLE = Automatic;
				DEVELOPMENT_TEAM = A26R4SND6W;
				INFOPLIST_FILE = HiShadiChatTests/Info.plist;
				IPHONEOS_DEPLOYMENT_TARGET = 13.4;
				LD_RUNPATH_SEARCH_PATHS = (
					"$(inherited)",
					"@executable_path/Frameworks",
					"@loader_path/Frameworks",
				);
				PRODUCT_BUNDLE_IDENTIFIER = com.shadiGhelman.HiShadiChatTests;
				PRODUCT_NAME = "$(TARGET_NAME)";
				SWIFT_VERSION = 5.0;
				TARGETED_DEVICE_FAMILY = "1,2";
				TEST_HOST = "$(BUILT_PRODUCTS_DIR)/HiShadiChat.app/HiShadiChat";
			};
			name = Release;
		};
/* End XCBuildConfiguration section */

/* Begin XCConfigurationList section */
		F31FC38B250F4E390038BE32 /* Build configuration list for PBXProject "HiShadiChat" */ = {
			isa = XCConfigurationList;
			buildConfigurations = (
				F31FC3B8250F4E3D0038BE32 /* Debug */,
				F31FC3B9250F4E3D0038BE32 /* Release */,
			);
			defaultConfigurationIsVisible = 0;
			defaultConfigurationName = Release;
		};
		F31FC3BA250F4E3D0038BE32 /* Build configuration list for PBXNativeTarget "HiShadiChat" */ = {
			isa = XCConfigurationList;
			buildConfigurations = (
				F31FC3BB250F4E3D0038BE32 /* Debug */,
				F31FC3BC250F4E3D0038BE32 /* Release */,
			);
			defaultConfigurationIsVisible = 0;
			defaultConfigurationName = Release;
		};
		F31FC3BD250F4E3D0038BE32 /* Build configuration list for PBXNativeTarget "HiShadiChatTests" */ = {
			isa = XCConfigurationList;
			buildConfigurations = (
				F31FC3BE250F4E3D0038BE32 /* Debug */,
				F31FC3BF250F4E3D0038BE32 /* Release */,
			);
			defaultConfigurationIsVisible = 0;
			defaultConfigurationName = Release;
		};
/* End XCConfigurationList section */
	};
	rootObject = F31FC388250F4E390038BE32 /* Project object */;
}
